
Microsoft Visual Studio Solution File, Format Version 12.00
# Visual Studio Version 16
VisualStudioVersion = 16.0.29519.181
MinimumVisualStudioVersion = 10.0.40219.1
Project("{9A19103F-16F7-4668-BE54-9A1E7A4F7556}") = "CQRS", "CQRS\CQRS.csproj", "{C46A69C3-AC51-428D-AB38-E4528C7C6F63}"
EndProject
Project("{9A19103F-16F7-4668-BE54-9A1E7A4F7556}") = "CQRS.Model", "CQRS.Model\CQRS.Model.csproj", "{567E05E8-6ECA-4EAB-AB5A-09709DF5B06F}"
EndProject
Project("{9A19103F-16F7-4668-BE54-9A1E7A4F7556}") = "CQRS.Infra.Data", "CQRS.Infra.Data\CQRS.Infra.Data.csproj", "{AED491D4-C9FD-4523-B2DE-817E7718FBD9}"
EndProject
Project("{9A19103F-16F7-4668-BE54-9A1E7A4F7556}") = "CQRS.Domain", "CQRS.Domain\CQRS.Domain.csproj", "{4876D9A3-80B9-4A78-9093-C5C9B06AF354}"
EndProject
Project("{FAE04EC0-301F-11D3-BF4B-00C04F79EFBC}") = "CQRS.Infra.CrossCutting", "CQRS.Infra.CrossCutting\CQRS.Infra.CrossCutting.csproj", "{F9613120-8A2C-4547-A7E3-6FE65ACDD411}"
EndProject
Global
	GlobalSection(SolutionConfigurationPlatforms) = preSolution
		Debug|Any CPU = Debug|Any CPU
		Release|Any CPU = Release|Any CPU
	EndGlobalSection
	GlobalSection(ProjectConfigurationPlatforms) = postSolution
		{C46A69C3-AC51-428D-AB38-E4528C7C6F63}.Debug|Any CPU.ActiveCfg = Debug|Any CPU
		{C46A69C3-AC51-428D-AB38-E4528C7C6F63}.Debug|Any CPU.Build.0 = Debug|Any CPU
		{C46A69C3-AC51-428D-AB38-E4528C7C6F63}.Release|Any CPU.ActiveCfg = Release|Any CPU
		{C46A69C3-AC51-428D-AB38-E4528C7C6F63}.Release|Any CPU.Build.0 = Release|Any CPU
		{567E05E8-6ECA-4EAB-AB5A-09709DF5B06F}.Debug|Any CPU.ActiveCfg = Debug|Any CPU
		{567E05E8-6ECA-4EAB-AB5A-09709DF5B06F}.Debug|Any CPU.Build.0 = Debug|Any CPU
		{567E05E8-6ECA-4EAB-AB5A-09709DF5B06F}.Release|Any CPU.ActiveCfg = Release|Any CPU
		{567E05E8-6ECA-4EAB-AB5A-09709DF5B06F}.Release|Any CPU.Build.0 = Release|Any CPU
		{AED491D4-C9FD-4523-B2DE-817E7718FBD9}.Debug|Any CPU.ActiveCfg = Debug|Any CPU
		{AED491D4-C9FD-4523-B2DE-817E7718FBD9}.Debug|Any CPU.Build.0 = Debug|Any CPU
		{AED491D4-C9FD-4523-B2DE-817E7718FBD9}.Release|Any CPU.ActiveCfg = Release|Any CPU
		{AED491D4-C9FD-4523-B2DE-817E7718FBD9}.Release|Any CPU.Build.0 = Release|Any CPU
		{4876D9A3-80B9-4A78-9093-C5C9B06AF354}.Debug|Any CPU.ActiveCfg = Debug|Any CPU
		{4876D9A3-80B9-4A78-9093-C5C9B06AF354}.Debug|Any CPU.Build.0 = Debug|Any CPU
		{4876D9A3-80B9-4A78-9093-C5C9B06AF354}.Release|Any CPU.ActiveCfg = Release|Any CPU
		{4876D9A3-80B9-4A78-9093-C5C9B06AF354}.Release|Any CPU.Build.0 = Release|Any CPU
		{F9613120-8A2C-4547-A7E3-6FE65ACDD411}.Debug|Any CPU.ActiveCfg = Debug|Any CPU
		{F9613120-8A2C-4547-A7E3-6FE65ACDD411}.Debug|Any CPU.Build.0 = Debug|Any CPU
		{F9613120-8A2C-4547-A7E3-6FE65ACDD411}.Release|Any CPU.ActiveCfg = Release|Any CPU
		{F9613120-8A2C-4547-A7E3-6FE65ACDD411}.Release|Any CPU.Build.0 = Release|Any CPU
	EndGlobalSection
	GlobalSection(SolutionProperties) = preSolution
		HideSolutionNode = FALSE
	EndGlobalSection
	GlobalSection(ExtensibilityGlobals) = postSolution
		SolutionGuid = {FE7F1F5B-4F4D-461D-A801-6272E12DA5DE}
	EndGlobalSection
EndGlobal
